
Microsoft Visual Studio Solution File, Format Version 12.00
# Visual Studio Version 17
VisualStudioVersion = 17.0.31903.59
MinimumVisualStudioVersion = 10.0.40219.1
Project("{2150E333-8FDC-42A3-9474-1A3956D46DE8}") = "src", "src", "{827E0CD3-B72D-47B6-A68D-7590B98EB39B}"
EndProject
Project("{FAE04EC0-301F-11D3-BF4B-00C04F79EFBC}") = "PacketHorn.Capture", "src\PacketHorn.Capture\PacketHorn.Capture.csproj", "{50D8B74B-6EE3-4B77-BC54-C2B1B63B7B44}"
EndProject
Project("{FAE04EC0-301F-11D3-BF4B-00C04F79EFBC}") = "PacketHorn.Core", "src\PacketHorn.Core\PacketHorn.Core.csproj", "{FCF91E4C-120F-413C-9372-2943DE8E5DFE}"
EndProject
Project("{FAE04EC0-301F-11D3-BF4B-00C04F79EFBC}") = "PacketHorn.Platform", "src\PacketHorn.Platform\PacketHorn.Platform.csproj", "{F1F00EEF-0799-4512-8CF1-80BE41615DAE}"
EndProject
Project("{FAE04EC0-301F-11D3-BF4B-00C04F79EFBC}") = "PacketHorn.CLI", "src\PacketHorn.CLI\PacketHorn.CLI.csproj", "{92BAA695-7288-429D-9607-1377EEB40CEF}"
EndProject
Project("{FAE04EC0-301F-11D3-BF4B-00C04F79EFBC}") = "PacketHorn.Processing", "src\PacketHorn.Processing\PacketHorn.Processing.csproj", "{3EEDF211-620C-4DE6-A7C0-ECA7C97BD2D1}"
EndProject
Project("{FAE04EC0-301F-11D3-BF4B-00C04F79EFBC}") = "PacketHorn.Detection", "src\PacketHorn.Detection\PacketHorn.Detection.csproj", "{8741F9A4-DAA0-4C8E-BA81-A272B49045BF}"
EndProject
Project("{FAE04EC0-301F-11D3-BF4B-00C04F79EFBC}") = "PacketHorn.Response", "src\PacketHorn.Response\PacketHorn.Response.csproj", "{8FD8B54C-0BCC-40E1-83C3-3D04222AAD0C}"
EndProject
Project("{FAE04EC0-301F-11D3-BF4B-00C04F79EFBC}") = "PacketHorn.Output", "src\PacketHorn.Output\PacketHorn.Output.csproj", "{8F6787A0-41CF-4D6B-81AF-569BDF6F10D2}"
EndProject
Global
	GlobalSection(SolutionConfigurationPlatforms) = preSolution
		Debug|Any CPU = Debug|Any CPU
		Debug|x64 = Debug|x64
		Debug|x86 = Debug|x86
		Release|Any CPU = Release|Any CPU
		Release|x64 = Release|x64
		Release|x86 = Release|x86
	EndGlobalSection
	GlobalSection(ProjectConfigurationPlatforms) = postSolution
		{50D8B74B-6EE3-4B77-BC54-C2B1B63B7B44}.Debug|Any CPU.ActiveCfg = Debug|Any CPU
		{50D8B74B-6EE3-4B77-BC54-C2B1B63B7B44}.Debug|Any CPU.Build.0 = Debug|Any CPU
		{50D8B74B-6EE3-4B77-BC54-C2B1B63B7B44}.Debug|x64.ActiveCfg = Debug|Any CPU
		{50D8B74B-6EE3-4B77-BC54-C2B1B63B7B44}.Debug|x64.Build.0 = Debug|Any CPU
		{50D8B74B-6EE3-4B77-BC54-C2B1B63B7B44}.Debug|x86.ActiveCfg = Debug|Any CPU
		{50D8B74B-6EE3-4B77-BC54-C2B1B63B7B44}.Debug|x86.Build.0 = Debug|Any CPU
		{50D8B74B-6EE3-4B77-BC54-C2B1B63B7B44}.Release|Any CPU.ActiveCfg = Release|Any CPU
		{50D8B74B-6EE3-4B77-BC54-C2B1B63B7B44}.Release|Any CPU.Build.0 = Release|Any CPU
		{50D8B74B-6EE3-4B77-BC54-C2B1B63B7B44}.Release|x64.ActiveCfg = Release|Any CPU
		{50D8B74B-6EE3-4B77-BC54-C2B1B63B7B44}.Release|x64.Build.0 = Release|Any CPU
		{50D8B74B-6EE3-4B77-BC54-C2B1B63B7B44}.Release|x86.ActiveCfg = Release|Any CPU
		{50D8B74B-6EE3-4B77-BC54-C2B1B63B7B44}.Release|x86.Build.0 = Release|Any CPU
		{FCF91E4C-120F-413C-9372-2943DE8E5DFE}.Debug|Any CPU.ActiveCfg = Debug|Any CPU
		{FCF91E4C-120F-413C-9372-2943DE8E5DFE}.Debug|Any CPU.Build.0 = Debug|Any CPU
		{FCF91E4C-120F-413C-9372-2943DE8E5DFE}.Debug|x64.ActiveCfg = Debug|Any CPU
		{FCF91E4C-120F-413C-9372-2943DE8E5DFE}.Debug|x64.Build.0 = Debug|Any CPU
		{FCF91E4C-120F-413C-9372-2943DE8E5DFE}.Debug|x86.ActiveCfg = Debug|Any CPU
		{FCF91E4C-120F-413C-9372-2943DE8E5DFE}.Debug|x86.Build.0 = Debug|Any CPU
		{FCF91E4C-120F-413C-9372-2943DE8E5DFE}.Release|Any CPU.ActiveCfg = Release|Any CPU
		{FCF91E4C-120F-413C-9372-2943DE8E5DFE}.Release|Any CPU.Build.0 = Release|Any CPU
		{FCF91E4C-120F-413C-9372-2943DE8E5DFE}.Release|x64.ActiveCfg = Release|Any CPU
		{FCF91E4C-120F-413C-9372-2943DE8E5DFE}.Release|x64.Build.0 = Release|Any CPU
		{FCF91E4C-120F-413C-9372-2943DE8E5DFE}.Release|x86.ActiveCfg = Release|Any CPU
		{FCF91E4C-120F-413C-9372-2943DE8E5DFE}.Release|x86.Build.0 = Release|Any CPU
		{F1F00EEF-0799-4512-8CF1-80BE41615DAE}.Debug|Any CPU.ActiveCfg = Debug|Any CPU
		{F1F00EEF-0799-4512-8CF1-80BE41615DAE}.Debug|Any CPU.Build.0 = Debug|Any CPU
		{F1F00EEF-0799-4512-8CF1-80BE41615DAE}.Debug|x64.ActiveCfg = Debug|Any CPU
		{F1F00EEF-0799-4512-8CF1-80BE41615DAE}.Debug|x64.Build.0 = Debug|Any CPU
		{F1F00EEF-0799-4512-8CF1-80BE41615DAE}.Debug|x86.ActiveCfg = Debug|Any CPU
		{F1F00EEF-0799-4512-8CF1-80BE41615DAE}.Debug|x86.Build.0 = Debug|Any CPU
		{F1F00EEF-0799-4512-8CF1-80BE41615DAE}.Release|Any CPU.ActiveCfg = Release|Any CPU
		{F1F00EEF-0799-4512-8CF1-80BE41615DAE}.Release|Any CPU.Build.0 = Release|Any CPU
		{F1F00EEF-0799-4512-8CF1-80BE41615DAE}.Release|x64.ActiveCfg = Release|Any CPU
		{F1F00EEF-0799-4512-8CF1-80BE41615DAE}.Release|x64.Build.0 = Release|Any CPU
		{F1F00EEF-0799-4512-8CF1-80BE41615DAE}.Release|x86.ActiveCfg = Release|Any CPU
		{F1F00EEF-0799-4512-8CF1-80BE41615DAE}.Release|x86.Build.0 = Release|Any CPU
		{92BAA695-7288-429D-9607-1377EEB40CEF}.Debug|Any CPU.ActiveCfg = Debug|Any CPU
		{92BAA695-7288-429D-9607-1377EEB40CEF}.Debug|Any CPU.Build.0 = Debug|Any CPU
		{92BAA695-7288-429D-9607-1377EEB40CEF}.Debug|x64.ActiveCfg = Debug|Any CPU
		{92BAA695-7288-429D-9607-1377EEB40CEF}.Debug|x64.Build.0 = Debug|Any CPU
		{92BAA695-7288-429D-9607-1377EEB40CEF}.Debug|x86.ActiveCfg = Debug|Any CPU
		{92BAA695-7288-429D-9607-1377EEB40CEF}.Debug|x86.Build.0 = Debug|Any CPU
		{92BAA695-7288-429D-9607-1377EEB40CEF}.Release|Any CPU.ActiveCfg = Release|Any CPU
		{92BAA695-7288-429D-9607-1377EEB40CEF}.Release|Any CPU.Build.0 = Release|Any CPU
		{92BAA695-7288-429D-9607-1377EEB40CEF}.Release|x64.ActiveCfg = Release|Any CPU
		{92BAA695-7288-429D-9607-1377EEB40CEF}.Release|x64.Build.0 = Release|Any CPU
		{92BAA695-7288-429D-9607-1377EEB40CEF}.Release|x86.ActiveCfg = Release|Any CPU
		{92BAA695-7288-429D-9607-1377EEB40CEF}.Release|x86.Build.0 = Release|Any CPU
		{3EEDF211-620C-4DE6-A7C0-ECA7C97BD2D1}.Debug|Any CPU.ActiveCfg = Debug|Any CPU
		{3EEDF211-620C-4DE6-A7C0-ECA7C97BD2D1}.Debug|Any CPU.Build.0 = Debug|Any CPU
		{3EEDF211-620C-4DE6-A7C0-ECA7C97BD2D1}.Debug|x64.ActiveCfg = Debug|Any CPU
		{3EEDF211-620C-4DE6-A7C0-ECA7C97BD2D1}.Debug|x64.Build.0 = Debug|Any CPU
		{3EEDF211-620C-4DE6-A7C0-ECA7C97BD2D1}.Debug|x86.ActiveCfg = Debug|Any CPU
		{3EEDF211-620C-4DE6-A7C0-ECA7C97BD2D1}.Debug|x86.Build.0 = Debug|Any CPU
		{3EEDF211-620C-4DE6-A7C0-ECA7C97BD2D1}.Release|Any CPU.ActiveCfg = Release|Any CPU
		{3EEDF211-620C-4DE6-A7C0-ECA7C97BD2D1}.Release|Any CPU.Build.0 = Release|Any CPU
		{3EEDF211-620C-4DE6-A7C0-ECA7C97BD2D1}.Release|x64.ActiveCfg = Release|Any CPU
		{3EEDF211-620C-4DE6-A7C0-ECA7C97BD2D1}.Release|x64.Build.0 = Release|Any CPU
		{3EEDF211-620C-4DE6-A7C0-ECA7C97BD2D1}.Release|x86.ActiveCfg = Release|Any CPU
		{3EEDF211-620C-4DE6-A7C0-ECA7C97BD2D1}.Release|x86.Build.0 = Release|Any CPU
		{8741F9A4-DAA0-4C8E-BA81-A272B49045BF}.Debug|Any CPU.ActiveCfg = Debug|Any CPU
		{8741F9A4-DAA0-4C8E-BA81-A272B49045BF}.Debug|Any CPU.Build.0 = Debug|Any CPU
		{8741F9A4-DAA0-4C8E-BA81-A272B49045BF}.Debug|x64.ActiveCfg = Debug|Any CPU
		{8741F9A4-DAA0-4C8E-BA81-A272B49045BF}.Debug|x64.Build.0 = Debug|Any CPU
		{8741F9A4-DAA0-4C8E-BA81-A272B49045BF}.Debug|x86.ActiveCfg = Debug|Any CPU
		{8741F9A4-DAA0-4C8E-BA81-A272B49045BF}.Debug|x86.Build.0 = Debug|Any CPU
		{8741F9A4-DAA0-4C8E-BA81-A272B49045BF}.Release|Any CPU.ActiveCfg = Release|Any CPU
		{8741F9A4-DAA0-4C8E-BA81-A272B49045BF}.Release|Any CPU.Build.0 = Release|Any CPU
		{8741F9A4-DAA0-4C8E-BA81-A272B49045BF}.Release|x64.ActiveCfg = Release|Any CPU
		{8741F9A4-DAA0-4C8E-BA81-A272B49045BF}.Release|x64.Build.0 = Release|Any CPU
		{8741F9A4-DAA0-4C8E-BA81-A272B49045BF}.Release|x86.ActiveCfg = Release|Any CPU
		{8741F9A4-DAA0-4C8E-BA81-A272B49045BF}.Release|x86.Build.0 = Release|Any CPU
		{8FD8B54C-0BCC-40E1-83C3-3D04222AAD0C}.Debug|Any CPU.ActiveCfg = Debug|Any CPU
		{8FD8B54C-0BCC-40E1-83C3-3D04222AAD0C}.Debug|Any CPU.Build.0 = Debug|Any CPU
		{8FD8B54C-0BCC-40E1-83C3-3D04222AAD0C}.Debug|x64.ActiveCfg = Debug|Any CPU
		{8FD8B54C-0BCC-40E1-83C3-3D04222AAD0C}.Debug|x64.Build.0 = Debug|Any CPU
		{8FD8B54C-0BCC-40E1-83C3-3D04222AAD0C}.Debug|x86.ActiveCfg = Debug|Any CPU
		{8FD8B54C-0BCC-40E1-83C3-3D04222AAD0C}.Debug|x86.Build.0 = Debug|Any CPU
		{8FD8B54C-0BCC-40E1-83C3-3D04222AAD0C}.Release|Any CPU.ActiveCfg = Release|Any CPU
		{8FD8B54C-0BCC-40E1-83C3-3D04222AAD0C}.Release|Any CPU.Build.0 = Release|Any CPU
		{8FD8B54C-0BCC-40E1-83C3-3D04222AAD0C}.Release|x64.ActiveCfg = Release|Any CPU
		{8FD8B54C-0BCC-40E1-83C3-3D04222AAD0C}.Release|x64.Build.0 = Release|Any CPU
		{8FD8B54C-0BCC-40E1-83C3-3D04222AAD0C}.Release|x86.ActiveCfg = Release|Any CPU
		{8FD8B54C-0BCC-40E1-83C3-3D04222AAD0C}.Release|x86.Build.0 = Release|Any CPU
		{8F6787A0-41CF-4D6B-81AF-569BDF6F10D2}.Debug|Any CPU.ActiveCfg = Debug|Any CPU
		{8F6787A0-41CF-4D6B-81AF-569BDF6F10D2}.Debug|Any CPU.Build.0 = Debug|Any CPU
		{8F6787A0-41CF-4D6B-81AF-569BDF6F10D2}.Debug|x64.ActiveCfg = Debug|Any CPU
		{8F6787A0-41CF-4D6B-81AF-569BDF6F10D2}.Debug|x64.Build.0 = Debug|Any CPU
		{8F6787A0-41CF-4D6B-81AF-569BDF6F10D2}.Debug|x86.ActiveCfg = Debug|Any CPU
		{8F6787A0-41CF-4D6B-81AF-569BDF6F10D2}.Debug|x86.Build.0 = Debug|Any CPU
		{8F6787A0-41CF-4D6B-81AF-569BDF6F10D2}.Release|Any CPU.ActiveCfg = Release|Any CPU
		{8F6787A0-41CF-4D6B-81AF-569BDF6F10D2}.Release|Any CPU.Build.0 = Release|Any CPU
		{8F6787A0-41CF-4D6B-81AF-569BDF6F10D2}.Release|x64.ActiveCfg = Release|Any CPU
		{8F6787A0-41CF-4D6B-81AF-569BDF6F10D2}.Release|x64.Build.0 = Release|Any CPU
		{8F6787A0-41CF-4D6B-81AF-569BDF6F10D2}.Release|x86.ActiveCfg = Release|Any CPU
		{8F6787A0-41CF-4D6B-81AF-569BDF6F10D2}.Release|x86.Build.0 = Release|Any CPU
	EndGlobalSection
	GlobalSection(SolutionProperties) = preSolution
		HideSolutionNode = FALSE
	EndGlobalSection
	GlobalSection(NestedProjects) = preSolution
		{50D8B74B-6EE3-4B77-BC54-C2B1B63B7B44} = {827E0CD3-B72D-47B6-A68D-7590B98EB39B}
		{FCF91E4C-120F-413C-9372-2943DE8E5DFE} = {827E0CD3-B72D-47B6-A68D-7590B98EB39B}
		{F1F00EEF-0799-4512-8CF1-80BE41615DAE} = {827E0CD3-B72D-47B6-A68D-7590B98EB39B}
		{92BAA695-7288-429D-9607-1377EEB40CEF} = {827E0CD3-B72D-47B6-A68D-7590B98EB39B}
		{3EEDF211-620C-4DE6-A7C0-ECA7C97BD2D1} = {827E0CD3-B72D-47B6-A68D-7590B98EB39B}
		{8741F9A4-DAA0-4C8E-BA81-A272B49045BF} = {827E0CD3-B72D-47B6-A68D-7590B98EB39B}
		{8FD8B54C-0BCC-40E1-83C3-3D04222AAD0C} = {827E0CD3-B72D-47B6-A68D-7590B98EB39B}
		{8F6787A0-41CF-4D6B-81AF-569BDF6F10D2} = {827E0CD3-B72D-47B6-A68D-7590B98EB39B}
	EndGlobalSection
EndGlobal
